
Microsoft Visual Studio Solution File, Format Version 12.00
# Visual Studio Version 17
VisualStudioVersion = 17.0.32112.339
MinimumVisualStudioVersion = 10.0.40219.1
Project("{FAE04EC0-301F-11D3-BF4B-00C04F79EFBC}") = "NLayer.Core", "NLayer.Core\NLayer.Core.csproj", "{8B52A96A-F2D7-4FD2-9798-14D9E8110321}"
EndProject
Project("{FAE04EC0-301F-11D3-BF4B-00C04F79EFBC}") = "NLayer.Data", "NLayer.Data\NLayer.Data.csproj", "{D3F4165D-951F-43BE-B1D9-2ED0F5B160EF}"
EndProject
Project("{FAE04EC0-301F-11D3-BF4B-00C04F79EFBC}") = "NLayer.Service", "NLayer.Service\NLayer.Service.csproj", "{46D48B29-980F-433A-99EA-29D59EA04790}"
EndProject
Project("{FAE04EC0-301F-11D3-BF4B-00C04F79EFBC}") = "NLayer.API", "NLayer.API\NLayer.API.csproj", "{8438D1AE-54C8-4D4D-A609-DC286913B33C}"
EndProject
Project("{FAE04EC0-301F-11D3-BF4B-00C04F79EFBC}") = "NLayer.Web", "NLayer.Web\NLayer.Web.csproj", "{57C325CE-516A-4F5E-874E-E4930B9E79DD}"
EndProject
Project("{FAE04EC0-301F-11D3-BF4B-00C04F79EFBC}") = "NLayer.Caching", "NLayer.Caching\NLayer.Caching.csproj", "{65AFD7FD-3B3B-4746-A4E8-08A22F6A9F62}"
EndProject
Global
	GlobalSection(SolutionConfigurationPlatforms) = preSolution
		Debug|Any CPU = Debug|Any CPU
		Release|Any CPU = Release|Any CPU
	EndGlobalSection
	GlobalSection(ProjectConfigurationPlatforms) = postSolution
		{8B52A96A-F2D7-4FD2-9798-14D9E8110321}.Debug|Any CPU.ActiveCfg = Debug|Any CPU
		{8B52A96A-F2D7-4FD2-9798-14D9E8110321}.Debug|Any CPU.Build.0 = Debug|Any CPU
		{8B52A96A-F2D7-4FD2-9798-14D9E8110321}.Release|Any CPU.ActiveCfg = Release|Any CPU
		{8B52A96A-F2D7-4FD2-9798-14D9E8110321}.Release|Any CPU.Build.0 = Release|Any CPU
		{D3F4165D-951F-43BE-B1D9-2ED0F5B160EF}.Debug|Any CPU.ActiveCfg = Debug|Any CPU
		{D3F4165D-951F-43BE-B1D9-2ED0F5B160EF}.Debug|Any CPU.Build.0 = Debug|Any CPU
		{D3F4165D-951F-43BE-B1D9-2ED0F5B160EF}.Release|Any CPU.ActiveCfg = Release|Any CPU
		{D3F4165D-951F-43BE-B1D9-2ED0F5B160EF}.Release|Any CPU.Build.0 = Release|Any CPU
		{46D48B29-980F-433A-99EA-29D59EA04790}.Debug|Any CPU.ActiveCfg = Debug|Any CPU
		{46D48B29-980F-433A-99EA-29D59EA04790}.Debug|Any CPU.Build.0 = Debug|Any CPU
		{46D48B29-980F-433A-99EA-29D59EA04790}.Release|Any CPU.ActiveCfg = Release|Any CPU
		{46D48B29-980F-433A-99EA-29D59EA04790}.Release|Any CPU.Build.0 = Release|Any CPU
		{8438D1AE-54C8-4D4D-A609-DC286913B33C}.Debug|Any CPU.ActiveCfg = Debug|Any CPU
		{8438D1AE-54C8-4D4D-A609-DC286913B33C}.Debug|Any CPU.Build.0 = Debug|Any CPU
		{8438D1AE-54C8-4D4D-A609-DC286913B33C}.Release|Any CPU.ActiveCfg = Release|Any CPU
		{8438D1AE-54C8-4D4D-A609-DC286913B33C}.Release|Any CPU.Build.0 = Release|Any CPU
		{57C325CE-516A-4F5E-874E-E4930B9E79DD}.Debug|Any CPU.ActiveCfg = Debug|Any CPU
		{57C325CE-516A-4F5E-874E-E4930B9E79DD}.Debug|Any CPU.Build.0 = Debug|Any CPU
		{57C325CE-516A-4F5E-874E-E4930B9E79DD}.Release|Any CPU.ActiveCfg = Release|Any CPU
		{57C325CE-516A-4F5E-874E-E4930B9E79DD}.Release|Any CPU.Build.0 = Release|Any CPU
		{65AFD7FD-3B3B-4746-A4E8-08A22F6A9F62}.Debug|Any CPU.ActiveCfg = Debug|Any CPU
		{65AFD7FD-3B3B-4746-A4E8-08A22F6A9F62}.Debug|Any CPU.Build.0 = Debug|Any CPU
		{65AFD7FD-3B3B-4746-A4E8-08A22F6A9F62}.Release|Any CPU.ActiveCfg = Release|Any CPU
		{65AFD7FD-3B3B-4746-A4E8-08A22F6A9F62}.Release|Any CPU.Build.0 = Release|Any CPU
	EndGlobalSection
	GlobalSection(SolutionProperties) = preSolution
		HideSolutionNode = FALSE
	EndGlobalSection
	GlobalSection(ExtensibilityGlobals) = postSolution
		SolutionGuid = {B7F00E50-BB82-403B-8487-AC90F1ED053F}
	EndGlobalSection
EndGlobal
